
Microsoft Visual Studio Solution File, Format Version 12.00
# Visual Studio Version 17
VisualStudioVersion = 17.2.32616.157
MinimumVisualStudioVersion = 17.2.32616.157
Project("{9A19103F-16F7-4668-BE54-9A1E7A4F7556}") = "StorageService", "StorageService\StorageService.csproj", "{8B351D75-FCBD-49B8-8ED1-5D6AD30FEA48}"
EndProject
Global
	GlobalSection(SolutionConfigurationPlatforms) = preSolution
		Debug|Any CPU = Debug|Any CPU
		Release|Any CPU = Release|Any CPU
	EndGlobalSection
	GlobalSection(ProjectConfigurationPlatforms) = postSolution
		{8B351D75-FCBD-49B8-8ED1-5D6AD30FEA48}.Debug|Any CPU.ActiveCfg = Debug|Any CPU
		{8B351D75-FCBD-49B8-8ED1-5D6AD30FEA48}.Debug|Any CPU.Build.0 = Debug|Any CPU
		{8B351D75-FCBD-49B8-8ED1-5D6AD30FEA48}.Release|Any CPU.ActiveCfg = Release|Any CPU
		{8B351D75-FCBD-49B8-8ED1-5D6AD30FEA48}.Release|Any CPU.Build.0 = Release|Any CPU
	EndGlobalSection
	GlobalSection(SolutionProperties) = preSolution
		HideSolutionNode = FALSE
	EndGlobalSection
	GlobalSection(ExtensibilityGlobals) = postSolution
		SolutionGuid = {63DAEEAB-25DC-4C03-A06E-D815242C05B2}
	EndGlobalSection
EndGlobal
